
Microsoft Visual Studio Solution File, Format Version 12.00
# Visual Studio 2013
VisualStudioVersion = 12.0.21005.1
MinimumVisualStudioVersion = 10.0.40219.1
Project("{FAE04EC0-301F-11D3-BF4B-00C04F79EFBC}") = "Baby Choice", "Baby Choice\Baby Choice.csproj", "{CFDF88F5-B78E-48D4-B8F4-8694635FD433}"
EndProject
Project("{FAE04EC0-301F-11D3-BF4B-00C04F79EFBC}") = "Test", "Test\Test.csproj", "{8F6C0F34-0992-4E67-95AF-405D841B8E09}"
EndProject
Global
	GlobalSection(SolutionConfigurationPlatforms) = preSolution
		Debug|Any CPU = Debug|Any CPU
		Release|Any CPU = Release|Any CPU
	EndGlobalSection
	GlobalSection(ProjectConfigurationPlatforms) = postSolution
		{CFDF88F5-B78E-48D4-B8F4-8694635FD433}.Debug|Any CPU.ActiveCfg = Debug|Any CPU
		{CFDF88F5-B78E-48D4-B8F4-8694635FD433}.Debug|Any CPU.Build.0 = Debug|Any CPU
		{CFDF88F5-B78E-48D4-B8F4-8694635FD433}.Release|Any CPU.ActiveCfg = Release|Any CPU
		{CFDF88F5-B78E-48D4-B8F4-8694635FD433}.Release|Any CPU.Build.0 = Release|Any CPU
		{8F6C0F34-0992-4E67-95AF-405D841B8E09}.Debug|Any CPU.ActiveCfg = Debug|Any CPU
		{8F6C0F34-0992-4E67-95AF-405D841B8E09}.Debug|Any CPU.Build.0 = Debug|Any CPU
		{8F6C0F34-0992-4E67-95AF-405D841B8E09}.Release|Any CPU.ActiveCfg = Release|Any CPU
		{8F6C0F34-0992-4E67-95AF-405D841B8E09}.Release|Any CPU.Build.0 = Release|Any CPU
	EndGlobalSection
	GlobalSection(SolutionProperties) = preSolution
		HideSolutionNode = FALSE
	EndGlobalSection
EndGlobal
